dependencies:
- name: app
  repository: file://../_app
  version: 0.1.0
- name: anycable-rpc
  repository: file://../_anycable-rpc
  version: 0.1.0
- name: sidekiq
  repository: file://../_sidekiq
  version: 0.1.0
- name: crunchy-postgres
  repository: https://bcgov.github.io/crunchy-postgres/
  version: 0.6.1
- name: redis
  repository: https://charts.bitnami.com/bitnami
  version: 25.4.1
- name: elasticsearch
  repository: https://charts.bitnami.com/bitnami
  version: 19.19.3
- name: anycable-go
  repository: https://helm.anycable.io/
  version: 0.5.11
- name: clamav
  repository: file://../_clamav
  version: 0.1.0
digest: sha256:1d910c60c9c9993314fded61e8e7426c1f98860fa2f03642883b50676a409172
generated: "2026-05-20T16:30:52.268517659-07:00"
