dependencies:
- name: app
  repository: file://../_app
  version: 0.1.0
- name: anycable-rpc
  repository: file://../_anycable-rpc
  version: 0.1.0
- name: sidekiq
  repository: file://../_sidekiq
  version: 0.1.0
- name: crunchy-postgres
  repository: https://bcgov.github.io/crunchy-postgres/
  version: 0.6.1
- name: redis
  repository: https://charts.bitnami.com/bitnami
  version: 18.16.1
- name: elasticsearch
  repository: https://charts.bitnami.com/bitnami
  version: 19.19.3
- name: anycable-go
  repository: https://helm.anycable.io/
  version: 0.5.11
- name: clamav
  repository: file://../_clamav
  version: 0.1.0
digest: sha256:f4f9ee37a103b61cdce6b9a5a24c7e4bc8ce9e46423a6e4c45d91fd3b5af219c
generated: "2025-12-11T17:39:27.771847574-08:00"
